
Microsoft Visual Studio Solution File, Format Version 12.00
# Visual Studio Version 16
VisualStudioVersion = 16.0.30907.101
MinimumVisualStudioVersion = 10.0.40219.1
Project("{FAE04EC0-301F-11D3-BF4B-00C04F79EFBC}") = "WinformsTask2", "WinformsTask2\WinformsTask2.csproj", "{17E61522-32AC-484E-BE43-2ACA64AA0FDB}"
EndProject
Global
	GlobalSection(SolutionConfigurationPlatforms) = preSolution
		Debug|Any CPU = Debug|Any CPU
		Release|Any CPU = Release|Any CPU
	EndGlobalSection
	GlobalSection(ProjectConfigurationPlatforms) = postSolution
		{17E61522-32AC-484E-BE43-2ACA64AA0FDB}.Debug|Any CPU.ActiveCfg = Debug|Any CPU
		{17E61522-32AC-484E-BE43-2ACA64AA0FDB}.Debug|Any CPU.Build.0 = Debug|Any CPU
		{17E61522-32AC-484E-BE43-2ACA64AA0FDB}.Release|Any CPU.ActiveCfg = Release|Any CPU
		{17E61522-32AC-484E-BE43-2ACA64AA0FDB}.Release|Any CPU.Build.0 = Release|Any CPU
	EndGlobalSection
	GlobalSection(SolutionProperties) = preSolution
		HideSolutionNode = FALSE
	EndGlobalSection
	GlobalSection(ExtensibilityGlobals) = postSolution
		SolutionGuid = {68C5AF9A-DD1A-4261-81A1-F3D9801126C1}
	EndGlobalSection
EndGlobal
